
Microsoft Visual Studio Solution File, Format Version 12.00
# Visual Studio Version 16
VisualStudioVersion = 16.0.31515.178
MinimumVisualStudioVersion = 10.0.40219.1
Project("{FAE04EC0-301F-11D3-BF4B-00C04F79EFBC}") = "eWebCore.WebApp", "eWebCore.WebApp\eWebCore.WebApp.csproj", "{A6B1D740-9246-4F1C-9D00-165EB4236917}"
EndProject
Global
	GlobalSection(SolutionConfigurationPlatforms) = preSolution
		Debug|Any CPU = Debug|Any CPU
		Release|Any CPU = Release|Any CPU
	EndGlobalSection
	GlobalSection(ProjectConfigurationPlatforms) = postSolution
		{A6B1D740-9246-4F1C-9D00-165EB4236917}.Debug|Any CPU.ActiveCfg = Debug|Any CPU
		{A6B1D740-9246-4F1C-9D00-165EB4236917}.Debug|Any CPU.Build.0 = Debug|Any CPU
		{A6B1D740-9246-4F1C-9D00-165EB4236917}.Release|Any CPU.ActiveCfg = Release|Any CPU
		{A6B1D740-9246-4F1C-9D00-165EB4236917}.Release|Any CPU.Build.0 = Release|Any CPU
	EndGlobalSection
	GlobalSection(SolutionProperties) = preSolution
		HideSolutionNode = FALSE
	EndGlobalSection
	GlobalSection(ExtensibilityGlobals) = postSolution
		SolutionGuid = {1ABD792D-5A6F-49EE-AB82-6B4B8B22E16A}
	EndGlobalSection
EndGlobal
